// !$*UTF8*$!
{
	archiveVersion = 1;
	classes = {
	};
	objectVersion = 46;
	objects = {

/* Begin PBXBuildFile section */
		082A72FE7564AD470C667B2D /* Pods_ContatosIP67UITests.framework in Frameworks */ = {isa = PBXBuildFile; fileRef = 882E56795DDE44D323BDCBB3 /* Pods_ContatosIP67UITests.framework */; };
		39DB38361FDDB5842DEF3BDB /* Pods_ContatosIP67.framework in Frameworks */ = {isa = PBXBuildFile; fileRef = B5ED5B2D9C273A292E2A5D70 /* Pods_ContatosIP67.framework */; };
		4E5D553A0E48BAC7CC655E36 /* Pods_ContatosIP67Tests.framework in Frameworks */ = {isa = PBXBuildFile; fileRef = DA4B3A8C9563B7BB9ECB27FF /* Pods_ContatosIP67Tests.framework */; };
		FD8BE496220A32B600B7833C /* AppDelegate.swift in Sources */ = {isa = PBXBuildFile; fileRef = FD8BE495220A32B600B7833C /* AppDelegate.swift */; };
		FD8BE498220A32B600B7833C /* FormularioContatoViewController.swift in Sources */ = {isa = PBXBuildFile; fileRef = FD8BE497220A32B600B7833C /* FormularioContatoViewController.swift */; };
		FD8BE49B220A32B600B7833C /* Main.storyboard in Resources */ = {isa = PBXBuildFile; fileRef = FD8BE499220A32B600B7833C /* Main.storyboard */; };
		FD8BE49E220A32B600B7833C /* ContatosIP67.xcdatamodeld in Sources */ = {isa = PBXBuildFile; fileRef = FD8BE49C220A32B600B7833C /* ContatosIP67.xcdatamodeld */; };
		FD8BE4A0220A32B600B7833C /* Assets.xcassets in Resources */ = {isa = PBXBuildFile; fileRef = FD8BE49F220A32B600B7833C /* Assets.xcassets */; };
		FD8BE4A3220A32B600B7833C /* LaunchScreen.storyboard in Resources */ = {isa = PBXBuildFile; fileRef = FD8BE4A1220A32B600B7833C /* LaunchScreen.storyboard */; };
		FD8BE4AE220A32B700B7833C /* ContatosIP67Tests.swift in Sources */ = {isa = PBXBuildFile; fileRef = FD8BE4AD220A32B700B7833C /* ContatosIP67Tests.swift */; };
		FD8BE4B9220A32B700B7833C /* ContatosIP67UITests.swift in Sources */ = {isa = PBXBuildFile; fileRef = FD8BE4B8220A32B700B7833C /* ContatosIP67UITests.swift */; };
		FD8BE4C9220A4B5800B7833C /* Contato.m in Sources */ = {isa = PBXBuildFile; fileRef = FD8BE4C8220A4B5800B7833C /* Contato.m */; };
		FD8BE4CB220A566C00B7833C /* ContatoDao.swift in Sources */ = {isa = PBXBuildFile; fileRef = FD8BE4CA220A566C00B7833C /* ContatoDao.swift */; };
		FD8BE4CD220A613000B7833C /* ListaContatosViewControllerTableViewController.swift in Sources */ = {isa = PBXBuildFile; fileRef = FD8BE4CC220A613000B7833C /* ListaContatosViewControllerTableViewController.swift */; };
		FD8BF123220E48FC00C842A4 /* ContatosNoMapaViewController.swift in Sources */ = {isa = PBXBuildFile; fileRef = FD8BF122220E48FC00C842A4 /* ContatosNoMapaViewController.swift */; };
		FDBB49C3220CD850003EDCDC /* FormularioContatoViewControllerDelegate.swift in Sources */ = {isa = PBXBuildFile; fileRef = FDBB49C2220CD850003EDCDC /* FormularioContatoViewControllerDelegate.swift */; };
		FDBB49C5220CF7C0003EDCDC /* GerenciadorDeAcoes.swift in Sources */ = {isa = PBXBuildFile; fileRef = FDBB49C4220CF7C0003EDCDC /* GerenciadorDeAcoes.swift */; };
/* End PBXBuildFile section */

/* Begin PBXContainerItemProxy section */
		FD8BE4AA220A32B700B7833C /* PBXContainerItemProxy */ = {
			isa = PBXContainerItemProxy;
			containerPortal = FD8BE48A220A32B500B7833C /* Project object */;
			proxyType = 1;
			remoteGlobalIDString = FD8BE491220A32B500B7833C;
			remoteInfo = ContatosIP67;
		};
		FD8BE4B5220A32B700B7833C /* PBXContainerItemProxy */ = {
			isa = PBXContainerItemProxy;
			containerPortal = FD8BE48A220A32B500B7833C /* Project object */;
			proxyType = 1;
			remoteGlobalIDString = FD8BE491220A32B500B7833C;
			remoteInfo = ContatosIP67;
		};
/* End PBXContainerItemProxy section */

/* Begin PBXFileReference section */
		1463B5D201E734B19E997B73 /* Pods-ContatosIP67UITests.debug.xcconfig */ = {isa = PBXFileReference; includeInIndex = 1; lastKnownFileType = text.xcconfig; name = "Pods-ContatosIP67UITests.debug.xcconfig"; path = "Target Support Files/Pods-ContatosIP67UITests/Pods-ContatosIP67UITests.debug.xcconfig"; sourceTree = "<group>"; };
		239A317DA0945072BDBBF249 /* Pods-ContatosIP67Tests.debug.xcconfig */ = {isa = PBXFileReference; includeInIndex = 1; lastKnownFileType = text.xcconfig; name = "Pods-ContatosIP67Tests.debug.xcconfig"; path = "Target Support Files/Pods-ContatosIP67Tests/Pods-ContatosIP67Tests.debug.xcconfig"; sourceTree = "<group>"; };
		2DE92C7740A18DE20DA0E97D /* Pods-ContatosIP67UITests.release.xcconfig */ = {isa = PBXFileReference; includeInIndex = 1; lastKnownFileType = text.xcconfig; name = "Pods-ContatosIP67UITests.release.xcconfig"; path = "Target Support Files/Pods-ContatosIP67UITests/Pods-ContatosIP67UITests.release.xcconfig"; sourceTree = "<group>"; };
		637CED001B30710A5AC9ECCC /* Pods-ContatosIP67Tests.release.xcconfig */ = {isa = PBXFileReference; includeInIndex = 1; lastKnownFileType = text.xcconfig; name = "Pods-ContatosIP67Tests.release.xcconfig"; path = "Target Support Files/Pods-ContatosIP67Tests/Pods-ContatosIP67Tests.release.xcconfig"; sourceTree = "<group>"; };
		882E56795DDE44D323BDCBB3 /* Pods_ContatosIP67UITests.framework */ = {isa = PBXFileReference; explicitFileType = wrapper.framework; includeInIndex = 0; path = Pods_ContatosIP67UITests.framework; sourceTree = BUILT_PRODUCTS_DIR; };
		B3AEDEFB1B60DC35F8BF987D /* Pods-ContatosIP67.debug.xcconfig */ = {isa = PBXFileReference; includeInIndex = 1; lastKnownFileType = text.xcconfig; name = "Pods-ContatosIP67.debug.xcconfig"; path = "Target Support Files/Pods-ContatosIP67/Pods-ContatosIP67.debug.xcconfig"; sourceTree = "<group>"; };
		B5ED5B2D9C273A292E2A5D70 /* Pods_ContatosIP67.framework */ = {isa = PBXFileReference; explicitFileType = wrapper.framework; includeInIndex = 0; path = Pods_ContatosIP67.framework; sourceTree = BUILT_PRODUCTS_DIR; };
		BD2B39811F3BF6095888E9F5 /* Pods-ContatosIP67.release.xcconfig */ = {isa = PBXFileReference; includeInIndex = 1; lastKnownFileType = text.xcconfig; name = "Pods-ContatosIP67.release.xcconfig"; path = "Target Support Files/Pods-ContatosIP67/Pods-ContatosIP67.release.xcconfig"; sourceTree = "<group>"; };
		DA4B3A8C9563B7BB9ECB27FF /* Pods_ContatosIP67Tests.framework */ = {isa = PBXFileReference; explicitFileType = wrapper.framework; includeInIndex = 0; path = Pods_ContatosIP67Tests.framework; sourceTree = BUILT_PRODUCTS_DIR; };
		FD5F5D9422121A730062DFC5 /* Vila Mariana.gpx */ = {isa = PBXFileReference; lastKnownFileType = text.xml; path = "Vila Mariana.gpx"; sourceTree = "<group>"; };
		FD8BE492220A32B600B7833C /* ContatosIP67.app */ = {isa = PBXFileReference; explicitFileType = wrapper.application; includeInIndex = 0; path = ContatosIP67.app; sourceTree = BUILT_PRODUCTS_DIR; };
		FD8BE495220A32B600B7833C /* AppDelegate.swift */ = {isa = PBXFileReference; lastKnownFileType = sourcecode.swift; path = AppDelegate.swift; sourceTree = "<group>"; };
		FD8BE497220A32B600B7833C /* FormularioContatoViewController.swift */ = {isa = PBXFileReference; lastKnownFileType = sourcecode.swift; path = FormularioContatoViewController.swift; sourceTree = "<group>"; };
		FD8BE49A220A32B600B7833C /* Base */ = {isa = PBXFileReference; lastKnownFileType = file.storyboard; name = Base; path = Base.lproj/Main.storyboard; sourceTree = "<group>"; };
		FD8BE49D220A32B600B7833C /* ContatosIP67.xcdatamodel */ = {isa = PBXFileReference; lastKnownFileType = wrapper.xcdatamodel; path = ContatosIP67.xcdatamodel; sourceTree = "<group>"; };
		FD8BE49F220A32B600B7833C /* Assets.xcassets */ = {isa = PBXFileReference; lastKnownFileType = folder.assetcatalog; path = Assets.xcassets; sourceTree = "<group>"; };
		FD8BE4A2220A32B600B7833C /* Base */ = {isa = PBXFileReference; lastKnownFileType = file.storyboard; name = Base; path = Base.lproj/LaunchScreen.storyboard; sourceTree = "<group>"; };
		FD8BE4A4220A32B600B7833C /* Info.plist */ = {isa = PBXFileReference; lastKnownFileType = text.plist.xml; path = Info.plist; sourceTree = "<group>"; };
		FD8BE4A9220A32B700B7833C /* ContatosIP67Tests.xctest */ = {isa = PBXFileReference; explicitFileType = wrapper.cfbundle; includeInIndex = 0; path = ContatosIP67Tests.xctest; sourceTree = BUILT_PRODUCTS_DIR; };
		FD8BE4AD220A32B700B7833C /* ContatosIP67Tests.swift */ = {isa = PBXFileReference; lastKnownFileType = sourcecode.swift; path = ContatosIP67Tests.swift; sourceTree = "<group>"; };
		FD8BE4AF220A32B700B7833C /* Info.plist */ = {isa = PBXFileReference; lastKnownFileType = text.plist.xml; path = Info.plist; sourceTree = "<group>"; };
		FD8BE4B4220A32B700B7833C /* ContatosIP67UITests.xctest */ = {isa = PBXFileReference; explicitFileType = wrapper.cfbundle; includeInIndex = 0; path = ContatosIP67UITests.xctest; sourceTree = BUILT_PRODUCTS_DIR; };
		FD8BE4B8220A32B700B7833C /* ContatosIP67UITests.swift */ = {isa = PBXFileReference; lastKnownFileType = sourcecode.swift; path = ContatosIP67UITests.swift; sourceTree = "<group>"; };
		FD8BE4BA220A32B700B7833C /* Info.plist */ = {isa = PBXFileReference; lastKnownFileType = text.plist.xml; path = Info.plist; sourceTree = "<group>"; };
		FD8BE4C6220A4B5800B7833C /* ContatosIP67-Bridging-Header.h */ = {isa = PBXFileReference; lastKnownFileType = sourcecode.c.h; path = "ContatosIP67-Bridging-Header.h"; sourceTree = "<group>"; };
		FD8BE4C7220A4B5800B7833C /* Contato.h */ = {isa = PBXFileReference; fileEncoding = 4; lastKnownFileType = sourcecode.c.h; path = Contato.h; sourceTree = "<group>"; };
		FD8BE4C8220A4B5800B7833C /* Contato.m */ = {isa = PBXFileReference; fileEncoding = 4; lastKnownFileType = sourcecode.c.objc; path = Contato.m; sourceTree = "<group>"; };
		FD8BE4CA220A566C00B7833C /* ContatoDao.swift */ = {isa = PBXFileReference; fileEncoding = 4; lastKnownFileType = sourcecode.swift; path = ContatoDao.swift; sourceTree = "<group>"; };
		FD8BE4CC220A613000B7833C /* ListaContatosViewControllerTableViewController.swift */ = {isa = PBXFileReference; fileEncoding = 4; lastKnownFileType = sourcecode.swift; path = ListaContatosViewControllerTableViewController.swift; sourceTree = "<group>"; };
		FD8BF122220E48FC00C842A4 /* ContatosNoMapaViewController.swift */ = {isa = PBXFileReference; fileEncoding = 4; lastKnownFileType = sourcecode.swift; path = ContatosNoMapaViewController.swift; sourceTree = "<group>"; };
		FDBB49C2220CD850003EDCDC /* FormularioContatoViewControllerDelegate.swift */ = {isa = PBXFileReference; fileEncoding = 4; lastKnownFileType = sourcecode.swift; path = FormularioContatoViewControllerDelegate.swift; sourceTree = "<group>"; };
		FDBB49C4220CF7C0003EDCDC /* GerenciadorDeAcoes.swift */ = {isa = PBXFileReference; fileEncoding = 4; lastKnownFileType = sourcecode.swift; path = GerenciadorDeAcoes.swift; sourceTree = "<group>"; };
/* End PBXFileReference section */

/* Begin PBXFrameworksBuildPhase section */
		FD8BE48F220A32B500B7833C /* Frameworks */ = {
			isa = PBXFrameworksBuildPhase;
			buildActionMask = 2147483647;
			files = (
				39DB38361FDDB5842DEF3BDB /* Pods_ContatosIP67.framework in Frameworks */,
			);
			runOnlyForDeploymentPostprocessing = 0;
		};
		FD8BE4A6220A32B700B7833C /* Frameworks */ = {
			isa = PBXFrameworksBuildPhase;
			buildActionMask = 2147483647;
			files = (
				4E5D553A0E48BAC7CC655E36 /* Pods_ContatosIP67Tests.framework in Frameworks */,
			);
			runOnlyForDeploymentPostprocessing = 0;
		};
		FD8BE4B1220A32B700B7833C /* Frameworks */ = {
			isa = PBXFrameworksBuildPhase;
			buildActionMask = 2147483647;
			files = (
				082A72FE7564AD470C667B2D /* Pods_ContatosIP67UITests.framework in Frameworks */,
			);
			runOnlyForDeploymentPostprocessing = 0;
		};
/* End PBXFrameworksBuildPhase section */

/* Begin PBXGroup section */
		3A293F172C5F8A8C9547B803 /* Pods */ = {
			isa = PBXGroup;
			children = (
				B3AEDEFB1B60DC35F8BF987D /* Pods-ContatosIP67.debug.xcconfig */,
				BD2B39811F3BF6095888E9F5 /* Pods-ContatosIP67.release.xcconfig */,
				239A317DA0945072BDBBF249 /* Pods-ContatosIP67Tests.debug.xcconfig */,
				637CED001B30710A5AC9ECCC /* Pods-ContatosIP67Tests.release.xcconfig */,
				1463B5D201E734B19E997B73 /* Pods-ContatosIP67UITests.debug.xcconfig */,
				2DE92C7740A18DE20DA0E97D /* Pods-ContatosIP67UITests.release.xcconfig */,
			);
			name = Pods;
			path = Pods;
			sourceTree = "<group>";
		};
		FC634F15999B3370E11CEBD2 /* Frameworks */ = {
			isa = PBXGroup;
			children = (
				B5ED5B2D9C273A292E2A5D70 /* Pods_ContatosIP67.framework */,
				DA4B3A8C9563B7BB9ECB27FF /* Pods_ContatosIP67Tests.framework */,
				882E56795DDE44D323BDCBB3 /* Pods_ContatosIP67UITests.framework */,
			);
			name = Frameworks;
			sourceTree = "<group>";
		};
		FD8BE489220A32B500B7833C = {
			isa = PBXGroup;
			children = (
				FD8BE494220A32B600B7833C /* ContatosIP67 */,
				FD8BE4AC220A32B700B7833C /* ContatosIP67Tests */,
				FD8BE4B7220A32B700B7833C /* ContatosIP67UITests */,
				FD8BE493220A32B600B7833C /* Products */,
				3A293F172C5F8A8C9547B803 /* Pods */,
				FC634F15999B3370E11CEBD2 /* Frameworks */,
			);
			sourceTree = "<group>";
		};
		FD8BE493220A32B600B7833C /* Products */ = {
			isa = PBXGroup;
			children = (
				FD8BE492220A32B600B7833C /* ContatosIP67.app */,
				FD8BE4A9220A32B700B7833C /* ContatosIP67Tests.xctest */,
				FD8BE4B4220A32B700B7833C /* ContatosIP67UITests.xctest */,
			);
			name = Products;
			sourceTree = "<group>";
		};
		FD8BE494220A32B600B7833C /* ContatosIP67 */ = {
			isa = PBXGroup;
			children = (
				FD8BE495220A32B600B7833C /* AppDelegate.swift */,
				FD8BE497220A32B600B7833C /* FormularioContatoViewController.swift */,
				FD8BE4CC220A613000B7833C /* ListaContatosViewControllerTableViewController.swift */,
				FDBB49C4220CF7C0003EDCDC /* GerenciadorDeAcoes.swift */,
				FDBB49C2220CD850003EDCDC /* FormularioContatoViewControllerDelegate.swift */,
				FD8BE4CA220A566C00B7833C /* ContatoDao.swift */,
				FD8BE499220A32B600B7833C /* Main.storyboard */,
				FD8BF122220E48FC00C842A4 /* ContatosNoMapaViewController.swift */,
				FD8BE49F220A32B600B7833C /* Assets.xcassets */,
				FD8BE4A1220A32B600B7833C /* LaunchScreen.storyboard */,
				FD8BE4A4220A32B600B7833C /* Info.plist */,
				FD5F5D9422121A730062DFC5 /* Vila Mariana.gpx */,
				FD8BE49C220A32B600B7833C /* ContatosIP67.xcdatamodeld */,
				FD8BE4C7220A4B5800B7833C /* Contato.h */,
				FD8BE4C8220A4B5800B7833C /* Contato.m */,
				FD8BE4C6220A4B5800B7833C /* ContatosIP67-Bridging-Header.h */,
			);
			path = ContatosIP67;
			sourceTree = "<group>";
		};
		FD8BE4AC220A32B700B7833C /* ContatosIP67Tests */ = {
			isa = PBXGroup;
			children = (
				FD8BE4AD220A32B700B7833C /* ContatosIP67Tests.swift */,
				FD8BE4AF220A32B700B7833C /* Info.plist */,
			);
			path = ContatosIP67Tests;
			sourceTree = "<group>";
		};
		FD8BE4B7220A32B700B7833C /* ContatosIP67UITests */ = {
			isa = PBXGroup;
			children = (
				FD8BE4B8220A32B700B7833C /* ContatosIP67UITests.swift */,
				FD8BE4BA220A32B700B7833C /* Info.plist */,
			);
			path = ContatosIP67UITests;
			sourceTree = "<group>";
		};
/* End PBXGroup section */

/* Begin PBXNativeTarget section */
		FD8BE491220A32B500B7833C /* ContatosIP67 */ = {
			isa = PBXNativeTarget;
			buildConfigurationList = FD8BE4BD220A32B700B7833C /* Build configuration list for PBXNativeTarget "ContatosIP67" */;
			buildPhases = (
				BF1F51DEAE886DC9E3324BC7 /* [CP] Check Pods Manifest.lock */,
				FD8BE48E220A32B500B7833C /* Sources */,
				FD8BE48F220A32B500B7833C /* Frameworks */,
				FD8BE490220A32B500B7833C /* Resources */,
				324BF54929066698DBA8715E /* [CP] Embed Pods Frameworks */,
			);
			buildRules = (
			);
			dependencies = (
			);
			name = ContatosIP67;
			productName = ContatosIP67;
			productReference = FD8BE492220A32B600B7833C /* ContatosIP67.app */;
			productType = "com.apple.product-type.application";
		};
		FD8BE4A8220A32B700B7833C /* ContatosIP67Tests */ = {
			isa = PBXNativeTarget;
			buildConfigurationList = FD8BE4C0220A32B700B7833C /* Build configuration list for PBXNativeTarget "ContatosIP67Tests" */;
			buildPhases = (
				ECF2645A8A7C5FEED67FA408 /* [CP] Check Pods Manifest.lock */,
				FD8BE4A5220A32B700B7833C /* Sources */,
				FD8BE4A6220A32B700B7833C /* Frameworks */,
				FD8BE4A7220A32B700B7833C /* Resources */,
			);
			buildRules = (
			);
			dependencies = (
				FD8BE4AB220A32B700B7833C /* PBXTargetDependency */,
			);
			name = ContatosIP67Tests;
			productName = ContatosIP67Tests;
			productReference = FD8BE4A9220A32B700B7833C /* ContatosIP67Tests.xctest */;
			productType = "com.apple.product-type.bundle.unit-test";
		};
		FD8BE4B3220A32B700B7833C /* ContatosIP67UITests */ = {
			isa = PBXNativeTarget;
			buildConfigurationList = FD8BE4C3220A32B700B7833C /* Build configuration list for PBXNativeTarget "ContatosIP67UITests" */;
			buildPhases = (
				E2FA7A50A3CF90675BAF4731 /* [CP] Check Pods Manifest.lock */,
				FD8BE4B0220A32B700B7833C /* Sources */,
				FD8BE4B1220A32B700B7833C /* Frameworks */,
				FD8BE4B2220A32B700B7833C /* Resources */,
			);
			buildRules = (
			);
			dependencies = (
				FD8BE4B6220A32B700B7833C /* PBXTargetDependency */,
			);
			name = ContatosIP67UITests;
			productName = ContatosIP67UITests;
			productReference = FD8BE4B4220A32B700B7833C /* ContatosIP67UITests.xctest */;
			productType = "com.apple.product-type.bundle.ui-testing";
		};
/* End PBXNativeTarget section */

/* Begin PBXProject section */
		FD8BE48A220A32B500B7833C /* Project object */ = {
			isa = PBXProject;
			attributes = {
				LastSwiftUpdateCheck = 0800;
				LastUpgradeCheck = 0800;
				ORGANIZATIONNAME = Caelum;
				TargetAttributes = {
					FD8BE491220A32B500B7833C = {
						CreatedOnToolsVersion = 8.0;
						LastSwiftMigration = 0800;
						ProvisioningStyle = Automatic;
					};
					FD8BE4A8220A32B700B7833C = {
						CreatedOnToolsVersion = 8.0;
						ProvisioningStyle = Automatic;
						TestTargetID = FD8BE491220A32B500B7833C;
					};
					FD8BE4B3220A32B700B7833C = {
						CreatedOnToolsVersion = 8.0;
						ProvisioningStyle = Automatic;
						TestTargetID = FD8BE491220A32B500B7833C;
					};
				};
			};
			buildConfigurationList = FD8BE48D220A32B500B7833C /* Build configuration list for PBXProject "ContatosIP67" */;
			compatibilityVersion = "Xcode 3.2";
			developmentRegion = English;
			hasScannedForEncodings = 0;
			knownRegions = (
				en,
				Base,
			);
			mainGroup = FD8BE489220A32B500B7833C;
			productRefGroup = FD8BE493220A32B600B7833C /* Products */;
			projectDirPath = "";
			projectRoot = "";
			targets = (
				FD8BE491220A32B500B7833C /* ContatosIP67 */,
				FD8BE4A8220A32B700B7833C /* ContatosIP67Tests */,
				FD8BE4B3220A32B700B7833C /* ContatosIP67UITests */,
			);
		};
/* End PBXProject section */

/* Begin PBXResourcesBuildPhase section */
		FD8BE490220A32B500B7833C /* Resources */ = {
			isa = PBXResourcesBuildPhase;
			buildActionMask = 2147483647;
			files = (
				FD8BE4A3220A32B600B7833C /* LaunchScreen.storyboard in Resources */,
				FD8BE4A0220A32B600B7833C /* Assets.xcassets in Resources */,
				FD8BE49B220A32B600B7833C /* Main.storyboard in Resources */,
			);
			runOnlyForDeploymentPostprocessing = 0;
		};
		FD8BE4A7220A32B700B7833C /* Resources */ = {
			isa = PBXResourcesBuildPhase;
			buildActionMask = 2147483647;
			files = (
			);
			runOnlyForDeploymentPostprocessing = 0;
		};
		FD8BE4B2220A32B700B7833C /* Resources */ = {
			isa = PBXResourcesBuildPhase;
			buildActionMask = 2147483647;
			files = (
			);
			runOnlyForDeploymentPostprocessing = 0;
		};
/* End PBXResourcesBuildPhase section */

/* Begin PBXShellScriptBuildPhase section */
		324BF54929066698DBA8715E /* [CP] Embed Pods Frameworks */ = {
			isa = PBXShellScriptBuildPhase;
			buildActionMask = 2147483647;
			files = (
			);
			inputFileListPaths = (
			);
			inputPaths = (
				"${PODS_ROOT}/Target Support Files/Pods-ContatosIP67/Pods-ContatosIP67-frameworks.sh",
				"${BUILT_PRODUCTS_DIR}/TPKeyboardAvoiding/TPKeyboardAvoiding.framework",
			);
			name = "[CP] Embed Pods Frameworks";
			outputFileListPaths = (
			);
			outputPaths = (
				"${TARGET_BUILD_DIR}/${FRAMEWORKS_FOLDER_PATH}/TPKeyboardAvoiding.framework",
			);
			runOnlyForDeploymentPostprocessing = 0;
			shellPath = /bin/sh;
			shellScript = "\"${PODS_ROOT}/Target Support Files/Pods-ContatosIP67/Pods-ContatosIP67-frameworks.sh\"\n";
			showEnvVarsInLog = 0;
		};
		BF1F51DEAE886DC9E3324BC7 /* [CP] Check Pods Manifest.lock */ = {
			isa = PBXShellScriptBuildPhase;
			buildActionMask = 2147483647;
			files = (
			);
			inputFileListPaths = (
			);
			inputPaths = (
				"${PODS_PODFILE_DIR_PATH}/Podfile.lock",
				"${PODS_ROOT}/Manifest.lock",
			);
			name = "[CP] Check Pods Manifest.lock";
			outputFileListPaths = (
			);
			outputPaths = (
				"$(DERIVED_FILE_DIR)/Pods-ContatosIP67-checkManifestLockResult.txt",
			);
			runOnlyForDeploymentPostprocessing = 0;
			shellPath = /bin/sh;
			shellScript = "diff \"${PODS_PODFILE_DIR_PATH}/Podfile.lock\" \"${PODS_ROOT}/Manifest.lock\" > /dev/null\nif [ $? != 0 ] ; then\n    # print error to STDERR\n    echo \"error: The sandbox is not in sync with the Podfile.lock. Run 'pod install' or update your CocoaPods installation.\" >&2\n    exit 1\nfi\n# This output is used by Xcode 'outputs' to avoid re-running this script phase.\necho \"SUCCESS\" > \"${SCRIPT_OUTPUT_FILE_0}\"\n";
			showEnvVarsInLog = 0;
		};
		E2FA7A50A3CF90675BAF4731 /* [CP] Check Pods Manifest.lock */ = {
			isa = PBXShellScriptBuildPhase;
			buildActionMask = 2147483647;
			files = (
			);
			inputFileListPaths = (
			);
			inputPaths = (
				"${PODS_PODFILE_DIR_PATH}/Podfile.lock",
				"${PODS_ROOT}/Manifest.lock",
			);
			name = "[CP] Check Pods Manifest.lock";
			outputFileListPaths = (
			);
			outputPaths = (
				"$(DERIVED_FILE_DIR)/Pods-ContatosIP67UITests-checkManifestLockResult.txt",
			);
			runOnlyForDeploymentPostprocessing = 0;
			shellPath = /bin/sh;
			shellScript = "diff \"${PODS_PODFILE_DIR_PATH}/Podfile.lock\" \"${PODS_ROOT}/Manifest.lock\" > /dev/null\nif [ $? != 0 ] ; then\n    # print error to STDERR\n    echo \"error: The sandbox is not in sync with the Podfile.lock. Run 'pod install' or update your CocoaPods installation.\" >&2\n    exit 1\nfi\n# This output is used by Xcode 'outputs' to avoid re-running this script phase.\necho \"SUCCESS\" > \"${SCRIPT_OUTPUT_FILE_0}\"\n";
			showEnvVarsInLog = 0;
		};
		ECF2645A8A7C5FEED67FA408 /* [CP] Check Pods Manifest.lock */ = {
			isa = PBXShellScriptBuildPhase;
			buildActionMask = 2147483647;
			files = (
			);
			inputFileListPaths = (
			);
			inputPaths = (
				"${PODS_PODFILE_DIR_PATH}/Podfile.lock",
				"${PODS_ROOT}/Manifest.lock",
			);
			name = "[CP] Check Pods Manifest.lock";
			outputFileListPaths = (
			);
			outputPaths = (
				"$(DERIVED_FILE_DIR)/Pods-ContatosIP67Tests-checkManifestLockResult.txt",
			);
			runOnlyForDeploymentPostprocessing = 0;
			shellPath = /bin/sh;
			shellScript = "diff \"${PODS_PODFILE_DIR_PATH}/Podfile.lock\" \"${PODS_ROOT}/Manifest.lock\" > /dev/null\nif [ $? != 0 ] ; then\n    # print error to STDERR\n    echo \"error: The sandbox is not in sync with the Podfile.lock. Run 'pod install' or update your CocoaPods installation.\" >&2\n    exit 1\nfi\n# This output is used by Xcode 'outputs' to avoid re-running this script phase.\necho \"SUCCESS\" > \"${SCRIPT_OUTPUT_FILE_0}\"\n";
			showEnvVarsInLog = 0;
		};
/* End PBXShellScriptBuildPhase section */

/* Begin PBXSourcesBuildPhase section */
		FD8BE48E220A32B500B7833C /* Sources */ = {
			isa = PBXSourcesBuildPhase;
			buildActionMask = 2147483647;
			files = (
				FD8BE4C9220A4B5800B7833C /* Contato.m in Sources */,
				FD8BE498220A32B600B7833C /* FormularioContatoViewController.swift in Sources */,
				FD8BF123220E48FC00C842A4 /* ContatosNoMapaViewController.swift in Sources */,
				FDBB49C5220CF7C0003EDCDC /* GerenciadorDeAcoes.swift in Sources */,
				FDBB49C3220CD850003EDCDC /* FormularioContatoViewControllerDelegate.swift in Sources */,
				FD8BE4CB220A566C00B7833C /* ContatoDao.swift in Sources */,
				FD8BE4CD220A613000B7833C /* ListaContatosViewControllerTableViewController.swift in Sources */,
				FD8BE49E220A32B600B7833C /* ContatosIP67.xcdatamodeld in Sources */,
				FD8BE496220A32B600B7833C /* AppDelegate.swift in Sources */,
			);
			runOnlyForDeploymentPostprocessing = 0;
		};
		FD8BE4A5220A32B700B7833C /* Sources */ = {
			isa = PBXSourcesBuildPhase;
			buildActionMask = 2147483647;
			files = (
				FD8BE4AE220A32B700B7833C /* ContatosIP67Tests.swift in Sources */,
			);
			runOnlyForDeploymentPostprocessing = 0;
		};
		FD8BE4B0220A32B700B7833C /* Sources */ = {
			isa = PBXSourcesBuildPhase;
			buildActionMask = 2147483647;
			files = (
				FD8BE4B9220A32B700B7833C /* ContatosIP67UITests.swift in Sources */,
			);
			runOnlyForDeploymentPostprocessing = 0;
		};
/* End PBXSourcesBuildPhase section */

/* Begin PBXTargetDependency section */
		FD8BE4AB220A32B700B7833C /* PBXTargetDependency */ = {
			isa = PBXTargetDependency;
			target = FD8BE491220A32B500B7833C /* ContatosIP67 */;
			targetProxy = FD8BE4AA220A32B700B7833C /* PBXContainerItemProxy */;
		};
		FD8BE4B6220A32B700B7833C /* PBXTargetDependency */ = {
			isa = PBXTargetDependency;
			target = FD8BE491220A32B500B7833C /* ContatosIP67 */;
			targetProxy = FD8BE4B5220A32B700B7833C /* PBXContainerItemProxy */;
		};
/* End PBXTargetDependency section */

/* Begin PBXVariantGroup section */
		FD8BE499220A32B600B7833C /* Main.storyboard */ = {
			isa = PBXVariantGroup;
			children = (
				FD8BE49A220A32B600B7833C /* Base */,
			);
			name = Main.storyboard;
			sourceTree = "<group>";
		};
		FD8BE4A1220A32B600B7833C /* LaunchScreen.storyboard */ = {
			isa = PBXVariantGroup;
			children = (
				FD8BE4A2220A32B600B7833C /* Base */,
			);
			name = LaunchScreen.storyboard;
			sourceTree = "<group>";
		};
/* End PBXVariantGroup section */

/* Begin XCBuildConfiguration section */
		FD8BE4BB220A32B700B7833C /* Debug */ = {
			isa = XCBuildConfiguration;
			buildSettings = {
				ALWAYS_SEARCH_USER_PATHS = NO;
				CLANG_ANALYZER_NONNULL = YES;
				CLANG_CXX_LANGUAGE_STANDARD = "gnu++0x";
				CLANG_CXX_LIBRARY = "libc++";
				CLANG_ENABLE_MODULES = YES;
				CLANG_ENABLE_OBJC_ARC = YES;
				CLANG_WARN_BOOL_CONVERSION = YES;
				CLANG_WARN_CONSTANT_CONVERSION = YES;
				CLANG_WARN_DIRECT_OBJC_ISA_USAGE = YES_ERROR;
				CLANG_WARN_DOCUMENTATION_COMMENTS = YES;
				CLANG_WARN_EMPTY_BODY = YES;
				CLANG_WARN_ENUM_CONVERSION = YES;
				CLANG_WARN_INFINITE_RECURSION = YES;
				CLANG_WARN_INT_CONVERSION = YES;
				CLANG_WARN_OBJC_ROOT_CLASS = YES_ERROR;
				CLANG_WARN_SUSPICIOUS_MOVES = YES;
				CLANG_WARN_UNREACHABLE_CODE = YES;
				CLANG_WARN__DUPLICATE_METHOD_MATCH = YES;
				"CODE_SIGN_IDENTITY[sdk=iphoneos*]" = "iPhone Developer";
				COPY_PHASE_STRIP = NO;
				DEBUG_INFORMATION_FORMAT = dwarf;
				ENABLE_STRICT_OBJC_MSGSEND = YES;
				ENABLE_TESTABILITY = YES;
				GCC_C_LANGUAGE_STANDARD = gnu99;
				GCC_DYNAMIC_NO_PIC = NO;
				GCC_NO_COMMON_BLOCKS = YES;
				GCC_OPTIMIZATION_LEVEL = 0;
				GCC_PREPROCESSOR_DEFINITIONS = (
					"DEBUG=1",
					"$(inherited)",
				);
				GCC_WARN_64_TO_32_BIT_CONVERSION = YES;
				GCC_WARN_ABOUT_RETURN_TYPE = YES_ERROR;
				GCC_WARN_UNDECLARED_SELECTOR = YES;
				GCC_WARN_UNINITIALIZED_AUTOS = YES_AGGRESSIVE;
				GCC_WARN_UNUSED_FUNCTION = YES;
				GCC_WARN_UNUSED_VARIABLE = YES;
				IPHONEOS_DEPLOYMENT_TARGET = 10.0;
				MTL_ENABLE_DEBUG_INFO = YES;
				ONLY_ACTIVE_ARCH = YES;
				SDKROOT = iphoneos;
				SWIFT_ACTIVE_COMPILATION_CONDITIONS = DEBUG;
				SWIFT_OPTIMIZATION_LEVEL = "-Onone";
			};
			name = Debug;
		};
		FD8BE4BC220A32B700B7833C /* Release */ = {
			isa = XCBuildConfiguration;
			buildSettings = {
				ALWAYS_SEARCH_USER_PATHS = NO;
				CLANG_ANALYZER_NONNULL = YES;
				CLANG_CXX_LANGUAGE_STANDARD = "gnu++0x";
				CLANG_CXX_LIBRARY = "libc++";
				CLANG_ENABLE_MODULES = YES;
				CLANG_ENABLE_OBJC_ARC = YES;
				CLANG_WARN_BOOL_CONVERSION = YES;
				CLANG_WARN_CONSTANT_CONVERSION = YES;
				CLANG_WARN_DIRECT_OBJC_ISA_USAGE = YES_ERROR;
				CLANG_WARN_DOCUMENTATION_COMMENTS = YES;
				CLANG_WARN_EMPTY_BODY = YES;
				CLANG_WARN_ENUM_CONVERSION = YES;
				CLANG_WARN_INFINITE_RECURSION = YES;
				CLANG_WARN_INT_CONVERSION = YES;
				CLANG_WARN_OBJC_ROOT_CLASS = YES_ERROR;
				CLANG_WARN_SUSPICIOUS_MOVES = YES;
				CLANG_WARN_UNREACHABLE_CODE = YES;
				CLANG_WARN__DUPLICATE_METHOD_MATCH = YES;
				"CODE_SIGN_IDENTITY[sdk=iphoneos*]" = "iPhone Developer";
				COPY_PHASE_STRIP = NO;
				DEBUG_INFORMATION_FORMAT = "dwarf-with-dsym";
				ENABLE_NS_ASSERTIONS = NO;
				ENABLE_STRICT_OBJC_MSGSEND = YES;
				GCC_C_LANGUAGE_STANDARD = gnu99;
				GCC_NO_COMMON_BLOCKS = YES;
				GCC_WARN_64_TO_32_BIT_CONVERSION = YES;
				GCC_WARN_ABOUT_RETURN_TYPE = YES_ERROR;
				GCC_WARN_UNDECLARED_SELECTOR = YES;
				GCC_WARN_UNINITIALIZED_AUTOS = YES_AGGRESSIVE;
				GCC_WARN_UNUSED_FUNCTION = YES;
				GCC_WARN_UNUSED_VARIABLE = YES;
				IPHONEOS_DEPLOYMENT_TARGET = 10.0;
				MTL_ENABLE_DEBUG_INFO = NO;
				SDKROOT = iphoneos;
				SWIFT_OPTIMIZATION_LEVEL = "-Owholemodule";
				VALIDATE_PRODUCT = YES;
			};
			name = Release;
		};
		FD8BE4BE220A32B700B7833C /* Debug */ = {
			isa = XCBuildConfiguration;
			baseConfigurationReference = B3AEDEFB1B60DC35F8BF987D /* Pods-ContatosIP67.debug.xcconfig */;
			buildSettings = {
				ASSETCATALOG_COMPILER_APPICON_NAME = AppIcon;
				CLANG_ENABLE_MODULES = YES;
				INFOPLIST_FILE = ContatosIP67/Info.plist;
				LD_RUNPATH_SEARCH_PATHS = "$(inherited) @executable_path/Frameworks";
				PRODUCT_BUNDLE_IDENTIFIER = br.com.caelum.ContatosIP67;
				PRODUCT_NAME = "$(TARGET_NAME)";
				SWIFT_OBJC_BRIDGING_HEADER = "ContatosIP67/ContatosIP67-Bridging-Header.h";
				SWIFT_OPTIMIZATION_LEVEL = "-Onone";
				SWIFT_VERSION = 3.0;
				TARGETED_DEVICE_FAMILY = 1;
			};
			name = Debug;
		};
		FD8BE4BF220A32B700B7833C /* Release */ = {
			isa = XCBuildConfiguration;
			baseConfigurationReference = BD2B39811F3BF6095888E9F5 /* Pods-ContatosIP67.release.xcconfig */;
			buildSettings = {
				ASSETCATALOG_COMPILER_APPICON_NAME = AppIcon;
				CLANG_ENABLE_MODULES = YES;
				INFOPLIST_FILE = ContatosIP67/Info.plist;
				LD_RUNPATH_SEARCH_PATHS = "$(inherited) @executable_path/Frameworks";
				PRODUCT_BUNDLE_IDENTIFIER = br.com.caelum.ContatosIP67;
				PRODUCT_NAME = "$(TARGET_NAME)";
				SWIFT_OBJC_BRIDGING_HEADER = "ContatosIP67/ContatosIP67-Bridging-Header.h";
				SWIFT_VERSION = 3.0;
				TARGETED_DEVICE_FAMILY = 1;
			};
			name = Release;
		};
		FD8BE4C1220A32B700B7833C /* Debug */ = {
			isa = XCBuildConfiguration;
			baseConfigurationReference = 239A317DA0945072BDBBF249 /* Pods-ContatosIP67Tests.debug.xcconfig */;
			buildSettings = {
				ALWAYS_EMBED_SWIFT_STANDARD_LIBRARIES = YES;
				BUNDLE_LOADER = "$(TEST_HOST)";
				INFOPLIST_FILE = ContatosIP67Tests/Info.plist;
				LD_RUNPATH_SEARCH_PATHS = "$(inherited) @executable_path/Frameworks @loader_path/Frameworks";
				PRODUCT_BUNDLE_IDENTIFIER = br.com.caelum.ContatosIP67Tests;
				PRODUCT_NAME = "$(TARGET_NAME)";
				SWIFT_VERSION = 3.0;
				TEST_HOST = "$(BUILT_PRODUCTS_DIR)/ContatosIP67.app/ContatosIP67";
			};
			name = Debug;
		};
		FD8BE4C2220A32B700B7833C /* Release */ = {
			isa = XCBuildConfiguration;
			baseConfigurationReference = 637CED001B30710A5AC9ECCC /* Pods-ContatosIP67Tests.release.xcconfig */;
			buildSettings = {
				ALWAYS_EMBED_SWIFT_STANDARD_LIBRARIES = YES;
				BUNDLE_LOADER = "$(TEST_HOST)";
				INFOPLIST_FILE = ContatosIP67Tests/Info.plist;
				LD_RUNPATH_SEARCH_PATHS = "$(inherited) @executable_path/Frameworks @loader_path/Frameworks";
				PRODUCT_BUNDLE_IDENTIFIER = br.com.caelum.ContatosIP67Tests;
				PRODUCT_NAME = "$(TARGET_NAME)";
				SWIFT_VERSION = 3.0;
				TEST_HOST = "$(BUILT_PRODUCTS_DIR)/ContatosIP67.app/ContatosIP67";
			};
			name = Release;
		};
		FD8BE4C4220A32B700B7833C /* Debug */ = {
			isa = XCBuildConfiguration;
			baseConfigurationReference = 1463B5D201E734B19E997B73 /* Pods-ContatosIP67UITests.debug.xcconfig */;
			buildSettings = {
				ALWAYS_EMBED_SWIFT_STANDARD_LIBRARIES = YES;
				INFOPLIST_FILE = ContatosIP67UITests/Info.plist;
				LD_RUNPATH_SEARCH_PATHS = "$(inherited) @executable_path/Frameworks @loader_path/Frameworks";
				PRODUCT_BUNDLE_IDENTIFIER = br.com.caelum.ContatosIP67UITests;
				PRODUCT_NAME = "$(TARGET_NAME)";
				SWIFT_VERSION = 3.0;
				TEST_TARGET_NAME = ContatosIP67;
			};
			name = Debug;
		};
		FD8BE4C5220A32B700B7833C /* Release */ = {
			isa = XCBuildConfiguration;
			baseConfigurationReference = 2DE92C7740A18DE20DA0E97D /* Pods-ContatosIP67UITests.release.xcconfig */;
			buildSettings = {
				ALWAYS_EMBED_SWIFT_STANDARD_LIBRARIES = YES;
				INFOPLIST_FILE = ContatosIP67UITests/Info.plist;
				LD_RUNPATH_SEARCH_PATHS = "$(inherited) @executable_path/Frameworks @loader_path/Frameworks";
				PRODUCT_BUNDLE_IDENTIFIER = br.com.caelum.ContatosIP67UITests;
				PRODUCT_NAME = "$(TARGET_NAME)";
				SWIFT_VERSION = 3.0;
				TEST_TARGET_NAME = ContatosIP67;
			};
			name = Release;
		};
/* End XCBuildConfiguration section */

/* Begin XCConfigurationList section */
		FD8BE48D220A32B500B7833C /* Build configuration list for PBXProject "ContatosIP67" */ = {
			isa = XCConfigurationList;
			buildConfigurations = (
				FD8BE4BB220A32B700B7833C /* Debug */,
				FD8BE4BC220A32B700B7833C /* Release */,
			);
			defaultConfigurationIsVisible = 0;
			defaultConfigurationName = Release;
		};
		FD8BE4BD220A32B700B7833C /* Build configuration list for PBXNativeTarget "ContatosIP67" */ = {
			isa = XCConfigurationList;
			buildConfigurations = (
				FD8BE4BE220A32B700B7833C /* Debug */,
				FD8BE4BF220A32B700B7833C /* Release */,
			);
			defaultConfigurationIsVisible = 0;
			defaultConfigurationName = Release;
		};
		FD8BE4C0220A32B700B7833C /* Build configuration list for PBXNativeTarget "ContatosIP67Tests" */ = {
			isa = XCConfigurationList;
			buildConfigurations = (
				FD8BE4C1220A32B700B7833C /* Debug */,
				FD8BE4C2220A32B700B7833C /* Release */,
			);
			defaultConfigurationIsVisible = 0;
			defaultConfigurationName = Release;
		};
		FD8BE4C3220A32B700B7833C /* Build configuration list for PBXNativeTarget "ContatosIP67UITests" */ = {
			isa = XCConfigurationList;
			buildConfigurations = (
				FD8BE4C4220A32B700B7833C /* Debug */,
				FD8BE4C5220A32B700B7833C /* Release */,
			);
			defaultConfigurationIsVisible = 0;
			defaultConfigurationName = Release;
		};
/* End XCConfigurationList section */

/* Begin XCVersionGroup section */
		FD8BE49C220A32B600B7833C /* ContatosIP67.xcdatamodeld */ = {
			isa = XCVersionGroup;
			children = (
				FD8BE49D220A32B600B7833C /* ContatosIP67.xcdatamodel */,
			);
			currentVersion = FD8BE49D220A32B600B7833C /* ContatosIP67.xcdatamodel */;
			path = ContatosIP67.xcdatamodeld;
			sourceTree = "<group>";
			versionGroupType = wrapper.xcdatamodel;
		};
/* End XCVersionGroup section */
	};
	rootObject = FD8BE48A220A32B500B7833C /* Project object */;
}
